// !$*UTF8*$!
{
	archiveVersion = 1;
	classes = {
	};
	objectVersion = 46;
	objects = {

/* Begin PBXBuildFile section */
		FCEA757F1A611BD100940C77 /* AppDelegate.swift in Sources */ = {isa = PBXBuildFile; fileRef = FCEA757E1A611BD100940C77 /* AppDelegate.swift */; };
		FCEA75811A611BD100940C77 /* ViewController.swift in Sources */ = {isa = PBXBuildFile; fileRef = FCEA75801A611BD100940C77 /* ViewController.swift */; };
		FCEA75841A611BD100940C77 /* Main.storyboard in Resources */ = {isa = PBXBuildFile; fileRef = FCEA75821A611BD100940C77 /* Main.storyboard */; };
		FCEA75861A611BD100940C77 /* Images.xcassets in Resources */ = {isa = PBXBuildFile; fileRef = FCEA75851A611BD100940C77 /* Images.xcassets */; };
		FCEA75891A611BD100940C77 /* LaunchScreen.xib in Resources */ = {isa = PBXBuildFile; fileRef = FCEA75871A611BD100940C77 /* LaunchScreen.xib */; };
		FCEA75951A611BD100940C77 /* testAppTests.swift in Sources */ = {isa = PBXBuildFile; fileRef = FCEA75941A611BD100940C77 /* testAppTests.swift */; };
/* End PBXBuildFile section */

/* Begin PBXContainerItemProxy section */
		FCEA758F1A611BD100940C77 /* PBXContainerItemProxy */ = {
			isa = PBXContainerItemProxy;
			containerPortal = FCEA75711A611BD100940C77 /* Project object */;
			proxyType = 1;
			remoteGlobalIDString = FCEA75781A611BD100940C77;
			remoteInfo = testApp;
		};
/* End PBXContainerItemProxy section */

/* Begin PBXFileReference section */
		FCEA75791A611BD100940C77 /* testApp.app */ = {isa = PBXFileReference; explicitFileType = wrapper.application; includeInIndex = 0; path = testApp.app; sourceTree = BUILT_PRODUCTS_DIR; };
		FCEA757D1A611BD100940C77 /* Info.plist */ = {isa = PBXFileReference; lastKnownFileType = text.plist.xml; path = Info.plist; sourceTree = "<group>"; };
		FCEA757E1A611BD100940C77 /* AppDelegate.swift */ = {isa = PBXFileReference; lastKnownFileType = sourcecode.swift; path = AppDelegate.swift; sourceTree = "<group>"; };
		FCEA75801A611BD100940C77 /* ViewController.swift */ = {isa = PBXFileReference; lastKnownFileType = sourcecode.swift; path = ViewController.swift; sourceTree = "<group>"; };
		FCEA75831A611BD100940C77 /* Base */ = {isa = PBXFileReference; lastKnownFileType = file.storyboard; name = Base; path = Base.lproj/Main.storyboard; sourceTree = "<group>"; };
		FCEA75851A611BD100940C77 /* Images.xcassets */ = {isa = PBXFileReference; lastKnownFileType = folder.assetcatalog; path = Images.xcassets; sourceTree = "<group>"; };
		FCEA75881A611BD100940C77 /* Base */ = {isa = PBXFileReference; lastKnownFileType = file.xib; name = Base; path = Base.lproj/LaunchScreen.xib; sourceTree = "<group>"; };
		FCEA758E1A611BD100940C77 /* testAppTests.xctest */ = {isa = PBXFileReference; explicitFileType = wrapper.cfbundle; includeInIndex = 0; path = testAppTests.xctest; sourceTree = BUILT_PRODUCTS_DIR; };
		FCEA75931A611BD100940C77 /* Info.plist */ = {isa = PBXFileReference; lastKnownFileType = text.plist.xml; path = Info.plist; sourceTree = "<group>"; };
		FCEA75941A611BD100940C77 /* testAppTests.swift */ = {isa = PBXFileReference; lastKnownFileType = sourcecode.swift; path = testAppTests.swift; sourceTree = "<group>"; };
/* End PBXFileReference section */

/* Begin PBXFrameworksBuildPhase section */
		FCEA75761A611BD100940C77 /* Frameworks */ = {
			isa = PBXFrameworksBuildPhase;
			buildActionMask = 2147483647;
			files = (
			);
			runOnlyForDeploymentPostprocessing = 0;
		};
		FCEA758B1A611BD100940C77 /* Frameworks */ = {
			isa = PBXFrameworksBuildPhase;
			buildActionMask = 2147483647;
			files = (
			);
			runOnlyForDeploymentPostprocessing = 0;
		};
/* End PBXFrameworksBuildPhase section */

/* Begin PBXGroup section */
		FCEA75701A611BD100940C77 = {
			isa = PBXGroup;
			children = (
				FCEA757B1A611BD100940C77 /* testApp */,
				FCEA75911A611BD100940C77 /* testAppTests */,
				FCEA757A1A611BD100940C77 /* Products */,
			);
			sourceTree = "<group>";
		};
		FCEA757A1A611BD100940C77 /* Products */ = {
			isa = PBXGroup;
			children = (
				FCEA75791A611BD100940C77 /* testApp.app */,
				FCEA758E1A611BD100940C77 /* testAppTests.xctest */,
			);
			name = Products;
			sourceTree = "<group>";
		};
		FCEA757B1A611BD100940C77 /* testApp */ = {
			isa = PBXGroup;
			children = (
				FCEA757E1A611BD100940C77 /* AppDelegate.swift */,
				FCEA75801A611BD100940C77 /* ViewController.swift */,
				FCEA75821A611BD100940C77 /* Main.storyboard */,
				FCEA75851A611BD100940C77 /* Images.xcassets */,
				FCEA75871A611BD100940C77 /* LaunchScreen.xib */,
				FCEA757C1A611BD100940C77 /* Supporting Files */,
			);
			path = testApp;
			sourceTree = "<group>";
		};
		FCEA757C1A611BD100940C77 /* Supporting Files */ = {
			isa = PBXGroup;
			children = (
				FCEA757D1A611BD100940C77 /* Info.plist */,
			);
			name = "Supporting Files";
			sourceTree = "<group>";
		};
		FCEA75911A611BD100940C77 /* testAppTests */ = {
			isa = PBXGroup;
			children = (
				FCEA75941A611BD100940C77 /* testAppTests.swift */,
				FCEA75921A611BD100940C77 /* Supporting Files */,
			);
			path = testAppTests;
			sourceTree = "<group>";
		};
		FCEA75921A611BD100940C77 /* Supporting Files */ = {
			isa = PBXGroup;
			children = (
				FCEA75931A611BD100940C77 /* Info.plist */,
			);
			name = "Supporting Files";
			sourceTree = "<group>";
		};
/* End PBXGroup section */

/* Begin PBXNativeTarget section */
		FCEA75781A611BD100940C77 /* testApp */ = {
			isa = PBXNativeTarget;
			buildConfigurationList = FCEA75981A611BD100940C77 /* Build configuration list for PBXNativeTarget "testApp" */;
			buildPhases = (
				FCEA75751A611BD100940C77 /* Sources */,
				FCEA75761A611BD100940C77 /* Frameworks */,
				FCEA75771A611BD100940C77 /* Resources */,
			);
			buildRules = (
			);
			dependencies = (
			);
			name = testApp;
			productName = testApp;
			productReference = FCEA75791A611BD100940C77 /* testApp.app */;
			productType = "com.apple.product-type.application";
		};
		FCEA758D1A611BD100940C77 /* testAppTests */ = {
			isa = PBXNativeTarget;
			buildConfigurationList = FCEA759B1A611BD100940C77 /* Build configuration list for PBXNativeTarget "testAppTests" */;
			buildPhases = (
				FCEA758A1A611BD100940C77 /* Sources */,
				FCEA758B1A611BD100940C77 /* Frameworks */,
				FCEA758C1A611BD100940C77 /* Resources */,
			);
			buildRules = (
			);
			dependencies = (
				FCEA75901A611BD100940C77 /* PBXTargetDependency */,
			);
			name = testAppTests;
			productName = testAppTests;
			productReference = FCEA758E1A611BD100940C77 /* testAppTests.xctest */;
			productType = "com.apple.product-type.bundle.unit-test";
		};
/* End PBXNativeTarget section */

/* Begin PBXProject section */
		FCEA75711A611BD100940C77 /* Project object */ = {
			isa = PBXProject;
			attributes = {
				LastUpgradeCheck = 0610;
				ORGANIZATIONNAME = kazuph;
				TargetAttributes = {
					FCEA75781A611BD100940C77 = {
						CreatedOnToolsVersion = 6.1.1;
					};
					FCEA758D1A611BD100940C77 = {
						CreatedOnToolsVersion = 6.1.1;
						TestTargetID = FCEA75781A611BD100940C77;
					};
				};
			};
			buildConfigurationList = FCEA75741A611BD100940C77 /* Build configuration list for PBXProject "testApp" */;
			compatibilityVersion = "Xcode 3.2";
			developmentRegion = English;
			hasScannedForEncodings = 0;
			knownRegions = (
				en,
				Base,
			);
			mainGroup = FCEA75701A611BD100940C77;
			productRefGroup = FCEA757A1A611BD100940C77 /* Products */;
			projectDirPath = "";
			projectRoot = "";
			targets = (
				FCEA75781A611BD100940C77 /* testApp */,
				FCEA758D1A611BD100940C77 /* testAppTests */,
			);
		};
/* End PBXProject section */

/* Begin PBXResourcesBuildPhase section */
		FCEA75771A611BD100940C77 /* Resources */ = {
			isa = PBXResourcesBuildPhase;
			buildActionMask = 2147483647;
			files = (
				FCEA75841A611BD100940C77 /* Main.storyboard in Resources */,
				FCEA75891A611BD100940C77 /* LaunchScreen.xib in Resources */,
				FCEA75861A611BD100940C77 /* Images.xcassets in Resources */,
			);
			runOnlyForDeploymentPostprocessing = 0;
		};
		FCEA758C1A611BD100940C77 /* Resources */ = {
			isa = PBXResourcesBuildPhase;
			buildActionMask = 2147483647;
			files = (
			);
			runOnlyForDeploymentPostprocessing = 0;
		};
/* End PBXResourcesBuildPhase section */

/* Begin PBXSourcesBuildPhase section */
		FCEA75751A611BD100940C77 /* Sources */ = {
			isa = PBXSourcesBuildPhase;
			buildActionMask = 2147483647;
			files = (
				FCEA75811A611BD100940C77 /* ViewController.swift in Sources */,
				FCEA757F1A611BD100940C77 /* AppDelegate.swift in Sources */,
			);
			runOnlyForDeploymentPostprocessing = 0;
		};
		FCEA758A1A611BD100940C77 /* Sources */ = {
			isa = PBXSourcesBuildPhase;
			buildActionMask = 2147483647;
			files = (
				FCEA75951A611BD100940C77 /* testAppTests.swift in Sources */,
			);
			runOnlyForDeploymentPostprocessing = 0;
		};
/* End PBXSourcesBuildPhase section */

/* Begin PBXTargetDependency section */
		FCEA75901A611BD100940C77 /* PBXTargetDependency */ = {
			isa = PBXTargetDependency;
			target = FCEA75781A611BD100940C77 /* testApp */;
			targetProxy = FCEA758F1A611BD100940C77 /* PBXContainerItemProxy */;
		};
/* End PBXTargetDependency section */

/* Begin PBXVariantGroup section */
		FCEA75821A611BD100940C77 /* Main.storyboard */ = {
			isa = PBXVariantGroup;
			children = (
				FCEA75831A611BD100940C77 /* Base */,
			);
			name = Main.storyboard;
			sourceTree = "<group>";
		};
		FCEA75871A611BD100940C77 /* LaunchScreen.xib */ = {
			isa = PBXVariantGroup;
			children = (
				FCEA75881A611BD100940C77 /* Base */,
			);
			name = LaunchScreen.xib;
			sourceTree = "<group>";
		};
/* End PBXVariantGroup section */

/* Begin XCBuildConfiguration section */
		FCEA75961A611BD100940C77 /* Debug */ = {
			isa = XCBuildConfiguration;
			buildSettings = {
				ALWAYS_SEARCH_USER_PATHS = NO;
				CLANG_CXX_LANGUAGE_STANDARD = "gnu++0x";
				CLANG_CXX_LIBRARY = "libc++";
				CLANG_ENABLE_MODULES = YES;
				CLANG_ENABLE_OBJC_ARC = YES;
				CLANG_WARN_BOOL_CONVERSION = YES;
				CLANG_WARN_CONSTANT_CONVERSION = YES;
				CLANG_WARN_DIRECT_OBJC_ISA_USAGE = YES_ERROR;
				CLANG_WARN_EMPTY_BODY = YES;
				CLANG_WARN_ENUM_CONVERSION = YES;
				CLANG_WARN_INT_CONVERSION = YES;
				CLANG_WARN_OBJC_ROOT_CLASS = YES_ERROR;
				CLANG_WARN_UNREACHABLE_CODE = YES;
				CLANG_WARN__DUPLICATE_METHOD_MATCH = YES;
				"CODE_SIGN_IDENTITY[sdk=iphoneos*]" = "iPhone Developer";
				COPY_PHASE_STRIP = NO;
				ENABLE_STRICT_OBJC_MSGSEND = YES;
				GCC_C_LANGUAGE_STANDARD = gnu99;
				GCC_DYNAMIC_NO_PIC = NO;
				GCC_OPTIMIZATION_LEVEL = 0;
				GCC_PREPROCESSOR_DEFINITIONS = (
					"DEBUG=1",
					"$(inherited)",
				);
				GCC_SYMBOLS_PRIVATE_EXTERN = NO;
				GCC_WARN_64_TO_32_BIT_CONVERSION = YES;
				GCC_WARN_ABOUT_RETURN_TYPE = YES_ERROR;
				GCC_WARN_UNDECLARED_SELECTOR = YES;
				GCC_WARN_UNINITIALIZED_AUTOS = YES_AGGRESSIVE;
				GCC_WARN_UNUSED_FUNCTION = YES;
				GCC_WARN_UNUSED_VARIABLE = YES;
				IPHONEOS_DEPLOYMENT_TARGET = 8.1;
				MTL_ENABLE_DEBUG_INFO = YES;
				ONLY_ACTIVE_ARCH = YES;
				SDKROOT = iphoneos;
				SWIFT_OPTIMIZATION_LEVEL = "-Onone";
			};
			name = Debug;
		};
		FCEA75971A611BD100940C77 /* Release */ = {
			isa = XCBuildConfiguration;
			buildSettings = {
				ALWAYS_SEARCH_USER_PATHS = NO;
				CLANG_CXX_LANGUAGE_STANDARD = "gnu++0x";
				CLANG_CXX_LIBRARY = "libc++";
				CLANG_ENABLE_MODULES = YES;
				CLANG_ENABLE_OBJC_ARC = YES;
				CLANG_WARN_BOOL_CONVERSION = YES;
				CLANG_WARN_CONSTANT_CONVERSION = YES;
				CLANG_WARN_DIRECT_OBJC_ISA_USAGE = YES_ERROR;
				CLANG_WARN_EMPTY_BODY = YES;
				CLANG_WARN_ENUM_CONVERSION = YES;
				CLANG_WARN_INT_CONVERSION = YES;
				CLANG_WARN_OBJC_ROOT_CLASS = YES_ERROR;
				CLANG_WARN_UNREACHABLE_CODE = YES;
				CLANG_WARN__DUPLICATE_METHOD_MATCH = YES;
				"CODE_SIGN_IDENTITY[sdk=iphoneos*]" = "iPhone Developer";
				COPY_PHASE_STRIP = YES;
				ENABLE_NS_ASSERTIONS = NO;
				ENABLE_STRICT_OBJC_MSGSEND = YES;
				GCC_C_LANGUAGE_STANDARD = gnu99;
				GCC_WARN_64_TO_32_BIT_CONVERSION = YES;
				GCC_WARN_ABOUT_RETURN_TYPE = YES_ERROR;
				GCC_WARN_UNDECLARED_SELECTOR = YES;
				GCC_WARN_UNINITIALIZED_AUTOS = YES_AGGRESSIVE;
				GCC_WARN_UNUSED_FUNCTION = YES;
				GCC_WARN_UNUSED_VARIABLE = YES;
				IPHONEOS_DEPLOYMENT_TARGET = 8.1;
				MTL_ENABLE_DEBUG_INFO = NO;
				SDKROOT = iphoneos;
				VALIDATE_PRODUCT = YES;
			};
			name = Release;
		};
		FCEA75991A611BD100940C77 /* Debug */ = {
			isa = XCBuildConfiguration;
			buildSettings = {
				ASSETCATALOG_COMPILER_APPICON_NAME = AppIcon;
				INFOPLIST_FILE = testApp/Info.plist;
				LD_RUNPATH_SEARCH_PATHS = "$(inherited) @executable_path/Frameworks";
				PRODUCT_NAME = "$(TARGET_NAME)";
			};
			name = Debug;
		};
		FCEA759A1A611BD100940C77 /* Release */ = {
			isa = XCBuildConfiguration;
			buildSettings = {
				ASSETCATALOG_COMPILER_APPICON_NAME = AppIcon;
				INFOPLIST_FILE = testApp/Info.plist;
				LD_RUNPATH_SEARCH_PATHS = "$(inherited) @executable_path/Frameworks";
				PRODUCT_NAME = "$(TARGET_NAME)";
			};
			name = Release;
		};
		FCEA759C1A611BD100940C77 /* Debug */ = {
			isa = XCBuildConfiguration;
			buildSettings = {
				BUNDLE_LOADER = "$(TEST_HOST)";
				FRAMEWORK_SEARCH_PATHS = (
					"$(SDKROOT)/Developer/Library/Frameworks",
					"$(inherited)",
				);
				GCC_PREPROCESSOR_DEFINITIONS = (
					"DEBUG=1",
					"$(inherited)",
				);
				INFOPLIST_FILE = testAppTests/Info.plist;
				LD_RUNPATH_SEARCH_PATHS = "$(inherited) @executable_path/Frameworks @loader_path/Frameworks";
				PRODUCT_NAME = "$(TARGET_NAME)";
				TEST_HOST = "$(BUILT_PRODUCTS_DIR)/testApp.app/testApp";
			};
			name = Debug;
		};
		FCEA759D1A611BD100940C77 /* Release */ = {
			isa = XCBuildConfiguration;
			buildSettings = {
				BUNDLE_LOADER = "$(TEST_HOST)";
				FRAMEWORK_SEARCH_PATHS = (
					"$(SDKROOT)/Developer/Library/Frameworks",
					"$(inherited)",
				);
				INFOPLIST_FILE = testAppTests/Info.plist;
				LD_RUNPATH_SEARCH_PATHS = "$(inherited) @executable_path/Frameworks @loader_path/Frameworks";
				PRODUCT_NAME = "$(TARGET_NAME)";
				TEST_HOST = "$(BUILT_PRODUCTS_DIR)/testApp.app/testApp";
			};
			name = Release;
		};
/* End XCBuildConfiguration section */

/* Begin XCConfigurationList section */
		FCEA75741A611BD100940C77 /* Build configuration list for PBXProject "testApp" */ = {
			isa = XCConfigurationList;
			buildConfigurations = (
				FCEA75961A611BD100940C77 /* Debug */,
				FCEA75971A611BD100940C77 /* Release */,
			);
			defaultConfigurationIsVisible = 0;
			defaultConfigurationName = Release;
		};
		FCEA75981A611BD100940C77 /* Build configuration list for PBXNativeTarget "testApp" */ = {
			isa = XCConfigurationList;
			buildConfigurations = (
				FCEA75991A611BD100940C77 /* Debug */,
				FCEA759A1A611BD100940C77 /* Release */,
			);
			defaultConfigurationIsVisible = 0;
		};
		FCEA759B1A611BD100940C77 /* Build configuration list for PBXNativeTarget "testAppTests" */ = {
			isa = XCConfigurationList;
			buildConfigurations = (
				FCEA759C1A611BD100940C77 /* Debug */,
				FCEA759D1A611BD100940C77 /* Release */,
			);
			defaultConfigurationIsVisible = 0;
		};
/* End XCConfigurationList section */
	};
	rootObject = FCEA75711A611BD100940C77 /* Project object */;
}
